
Microsoft Visual Studio Solution File, Format Version 12.00
# Visual Studio Version 16
VisualStudioVersion = 16.0.29001.49
MinimumVisualStudioVersion = 10.0.40219.1
Project("{FAE04EC0-301F-11D3-BF4B-00C04F79EFBC}") = "Launcher", "Launcher\Launcher.csproj", "{C3ED4D2E-E692-446B-80AC-DB3C49AEB2A4}"
EndProject
Global
	GlobalSection(SolutionConfigurationPlatforms) = preSolution
		Debug|Any CPU = Debug|Any CPU
		Release|Any CPU = Release|Any CPU
	EndGlobalSection
	GlobalSection(ProjectConfigurationPlatforms) = postSolution
		{C3ED4D2E-E692-446B-80AC-DB3C49AEB2A4}.Debug|Any CPU.ActiveCfg = Debug|Any CPU
		{C3ED4D2E-E692-446B-80AC-DB3C49AEB2A4}.Debug|Any CPU.Build.0 = Debug|Any CPU
		{C3ED4D2E-E692-446B-80AC-DB3C49AEB2A4}.Release|Any CPU.ActiveCfg = Release|Any CPU
		{C3ED4D2E-E692-446B-80AC-DB3C49AEB2A4}.Release|Any CPU.Build.0 = Release|Any CPU
	EndGlobalSection
	GlobalSection(SolutionProperties) = preSolution
		HideSolutionNode = FALSE
	EndGlobalSection
	GlobalSection(ExtensibilityGlobals) = postSolution
		SolutionGuid = {3CD9D461-4023-4F65-A003-0A7C36A879B9}
	EndGlobalSection
EndGlobal
